// !$*UTF8*$!
{
	archiveVersion = 1;
	classes = {
	};
	objectVersion = 56;
	objects = {

/* Begin PBXBuildFile section */
		1CE69EB731DE8EE45B1A94BC /* Pods_MoviesDB.framework in Frameworks */ = {isa = PBXBuildFile; fileRef = FEFB84A6427B83584C037645 /* Pods_MoviesDB.framework */; };
		682F9F3D2C722D1C009235F8 /* UIImageView+Extension.swift in Sources */ = {isa = PBXBuildFile; fileRef = 682F9F3C2C722D1C009235F8 /* UIImageView+Extension.swift */; };
		682F9F442C722EB4009235F8 /* HomeViewModel.swift in Sources */ = {isa = PBXBuildFile; fileRef = 682F9F432C722EB4009235F8 /* HomeViewModel.swift */; };
		682F9F462C72315E009235F8 /* MoviesRemoteDataSource.swift in Sources */ = {isa = PBXBuildFile; fileRef = 682F9F452C72315E009235F8 /* MoviesRemoteDataSource.swift */; };
		682F9F482C734E03009235F8 /* UIView+Extension.swift in Sources */ = {isa = PBXBuildFile; fileRef = 682F9F472C734E03009235F8 /* UIView+Extension.swift */; };
		68AA44392C6E94F300FC09F8 /* ApiDecoder.swift in Sources */ = {isa = PBXBuildFile; fileRef = 68AA44382C6E94F300FC09F8 /* ApiDecoder.swift */; };
		68AA443B2C6E951000FC09F8 /* BaseApi.swift in Sources */ = {isa = PBXBuildFile; fileRef = 68AA443A2C6E951000FC09F8 /* BaseApi.swift */; };
		68AA443D2C6E951D00FC09F8 /* TargetConfigurator.swift in Sources */ = {isa = PBXBuildFile; fileRef = 68AA443C2C6E951D00FC09F8 /* TargetConfigurator.swift */; };
		68AA443F2C6F770A00FC09F8 /* MoviesConfigurations.swift in Sources */ = {isa = PBXBuildFile; fileRef = 68AA443E2C6F770A00FC09F8 /* MoviesConfigurations.swift */; };
		68AA44412C6F779B00FC09F8 /* NetworkConstants.swift in Sources */ = {isa = PBXBuildFile; fileRef = 68AA44402C6F779B00FC09F8 /* NetworkConstants.swift */; };
		68AA44462C6F95BD00FC09F8 /* MoviesModel.swift in Sources */ = {isa = PBXBuildFile; fileRef = 68AA44452C6F95BD00FC09F8 /* MoviesModel.swift */; };
		68AA444C2C6F9F0800FC09F8 /* HomeViewController.swift in Sources */ = {isa = PBXBuildFile; fileRef = 68AA44492C6F9F0800FC09F8 /* HomeViewController.swift */; };
		68AA44552C720A8800FC09F8 /* MovieTableViewCell.xib in Resources */ = {isa = PBXBuildFile; fileRef = 68AA44542C720A8800FC09F8 /* MovieTableViewCell.xib */; };
		68AA44562C720A8800FC09F8 /* MovieTableViewCell.swift in Sources */ = {isa = PBXBuildFile; fileRef = 68AA44532C720A8800FC09F8 /* MovieTableViewCell.swift */; };
		68AA445A2C720D8D00FC09F8 /* HomeViewController.xib in Resources */ = {isa = PBXBuildFile; fileRef = 68AA44592C720D8D00FC09F8 /* HomeViewController.xib */; };
		68CFF0DB2C6E4C2F00BB9040 /* AppDelegate.swift in Sources */ = {isa = PBXBuildFile; fileRef = 68CFF0DA2C6E4C2F00BB9040 /* AppDelegate.swift */; };
		68CFF0DD2C6E4C2F00BB9040 /* SceneDelegate.swift in Sources */ = {isa = PBXBuildFile; fileRef = 68CFF0DC2C6E4C2F00BB9040 /* SceneDelegate.swift */; };
		68CFF0E42C6E4C3000BB9040 /* Assets.xcassets in Resources */ = {isa = PBXBuildFile; fileRef = 68CFF0E32C6E4C3000BB9040 /* Assets.xcassets */; };
/* End PBXBuildFile section */

/* Begin PBXFileReference section */
		4CC9B6E1D7CF7275ABC8C928 /* Pods-MoviesDB.release.xcconfig */ = {isa = PBXFileReference; includeInIndex = 1; lastKnownFileType = text.xcconfig; name = "Pods-MoviesDB.release.xcconfig"; path = "Target Support Files/Pods-MoviesDB/Pods-MoviesDB.release.xcconfig"; sourceTree = "<group>"; };
		682F9F3C2C722D1C009235F8 /* UIImageView+Extension.swift */ = {isa = PBXFileReference; lastKnownFileType = sourcecode.swift; path = "UIImageView+Extension.swift"; sourceTree = "<group>"; };
		682F9F432C722EB4009235F8 /* HomeViewModel.swift */ = {isa = PBXFileReference; lastKnownFileType = sourcecode.swift; path = HomeViewModel.swift; sourceTree = "<group>"; };
		682F9F452C72315E009235F8 /* MoviesRemoteDataSource.swift */ = {isa = PBXFileReference; lastKnownFileType = sourcecode.swift; path = MoviesRemoteDataSource.swift; sourceTree = "<group>"; };
		682F9F472C734E03009235F8 /* UIView+Extension.swift */ = {isa = PBXFileReference; lastKnownFileType = sourcecode.swift; path = "UIView+Extension.swift"; sourceTree = "<group>"; };
		68AA44382C6E94F300FC09F8 /* ApiDecoder.swift */ = {isa = PBXFileReference; fileEncoding = 4; lastKnownFileType = sourcecode.swift; path = ApiDecoder.swift; sourceTree = "<group>"; };
		68AA443A2C6E951000FC09F8 /* BaseApi.swift */ = {isa = PBXFileReference; fileEncoding = 4; lastKnownFileType = sourcecode.swift; path = BaseApi.swift; sourceTree = "<group>"; };
		68AA443C2C6E951D00FC09F8 /* TargetConfigurator.swift */ = {isa = PBXFileReference; fileEncoding = 4; lastKnownFileType = sourcecode.swift; path = TargetConfigurator.swift; sourceTree = "<group>"; };
		68AA443E2C6F770A00FC09F8 /* MoviesConfigurations.swift */ = {isa = PBXFileReference; lastKnownFileType = sourcecode.swift; path = MoviesConfigurations.swift; sourceTree = "<group>"; };
		68AA44402C6F779B00FC09F8 /* NetworkConstants.swift */ = {isa = PBXFileReference; lastKnownFileType = sourcecode.swift; path = NetworkConstants.swift; sourceTree = "<group>"; };
		68AA44452C6F95BD00FC09F8 /* MoviesModel.swift */ = {isa = PBXFileReference; lastKnownFileType = sourcecode.swift; path = MoviesModel.swift; sourceTree = "<group>"; };
		68AA44492C6F9F0800FC09F8 /* HomeViewController.swift */ = {isa = PBXFileReference; lastKnownFileType = sourcecode.swift; path = HomeViewController.swift; sourceTree = "<group>"; };
		68AA44532C720A8800FC09F8 /* MovieTableViewCell.swift */ = {isa = PBXFileReference; lastKnownFileType = sourcecode.swift; path = MovieTableViewCell.swift; sourceTree = "<group>"; };
		68AA44542C720A8800FC09F8 /* MovieTableViewCell.xib */ = {isa = PBXFileReference; lastKnownFileType = file.xib; path = MovieTableViewCell.xib; sourceTree = "<group>"; };
		68AA44592C720D8D00FC09F8 /* HomeViewController.xib */ = {isa = PBXFileReference; fileEncoding = 4; lastKnownFileType = file.xib; path = HomeViewController.xib; sourceTree = "<group>"; };
		68CFF0D72C6E4C2F00BB9040 /* MoviesDB.app */ = {isa = PBXFileReference; explicitFileType = wrapper.application; includeInIndex = 0; path = MoviesDB.app; sourceTree = BUILT_PRODUCTS_DIR; };
		68CFF0DA2C6E4C2F00BB9040 /* AppDelegate.swift */ = {isa = PBXFileReference; lastKnownFileType = sourcecode.swift; path = AppDelegate.swift; sourceTree = "<group>"; };
		68CFF0DC2C6E4C2F00BB9040 /* SceneDelegate.swift */ = {isa = PBXFileReference; lastKnownFileType = sourcecode.swift; path = SceneDelegate.swift; sourceTree = "<group>"; };
		68CFF0E32C6E4C3000BB9040 /* Assets.xcassets */ = {isa = PBXFileReference; lastKnownFileType = folder.assetcatalog; path = Assets.xcassets; sourceTree = "<group>"; };
		68CFF0E82C6E4C3000BB9040 /* Info.plist */ = {isa = PBXFileReference; lastKnownFileType = text.plist.xml; path = Info.plist; sourceTree = "<group>"; };
		BE946881E25FA67CBE99215B /* Pods-MoviesDB.debug.xcconfig */ = {isa = PBXFileReference; includeInIndex = 1; lastKnownFileType = text.xcconfig; name = "Pods-MoviesDB.debug.xcconfig"; path = "Target Support Files/Pods-MoviesDB/Pods-MoviesDB.debug.xcconfig"; sourceTree = "<group>"; };
		FEFB84A6427B83584C037645 /* Pods_MoviesDB.framework */ = {isa = PBXFileReference; explicitFileType = wrapper.framework; includeInIndex = 0; path = Pods_MoviesDB.framework; sourceTree = BUILT_PRODUCTS_DIR; };
/* End PBXFileReference section */

/* Begin PBXFrameworksBuildPhase section */
		68CFF0D42C6E4C2F00BB9040 /* Frameworks */ = {
			isa = PBXFrameworksBuildPhase;
			buildActionMask = 2147483647;
			files = (
				1CE69EB731DE8EE45B1A94BC /* Pods_MoviesDB.framework in Frameworks */,
			);
			runOnlyForDeploymentPostprocessing = 0;
		};
/* End PBXFrameworksBuildPhase section */

/* Begin PBXGroup section */
		6403415E71D8554460789DB5 /* Frameworks */ = {
			isa = PBXGroup;
			children = (
				FEFB84A6427B83584C037645 /* Pods_MoviesDB.framework */,
			);
			name = Frameworks;
			sourceTree = "<group>";
		};
		682F9F3B2C722D01009235F8 /* Extensions */ = {
			isa = PBXGroup;
			children = (
				682F9F3C2C722D1C009235F8 /* UIImageView+Extension.swift */,
				682F9F472C734E03009235F8 /* UIView+Extension.swift */,
			);
			path = Extensions;
			sourceTree = "<group>";
		};
		682F9F3E2C722DD7009235F8 /* Data */ = {
			isa = PBXGroup;
			children = (
				682F9F412C722E43009235F8 /* DataSource */,
				68AA44442C6F95A200FC09F8 /* Model */,
			);
			path = Data;
			sourceTree = "<group>";
		};
		682F9F3F2C722DE0009235F8 /* Domain */ = {
			isa = PBXGroup;
			children = (
			);
			path = Domain;
			sourceTree = "<group>";
		};
		682F9F402C722DE9009235F8 /* Presentation */ = {
			isa = PBXGroup;
			children = (
				682F9F422C722E8A009235F8 /* ViewModel */,
				68AA444D2C6FE7EE00FC09F8 /* View */,
			);
			path = Presentation;
			sourceTree = "<group>";
		};
		682F9F412C722E43009235F8 /* DataSource */ = {
			isa = PBXGroup;
			children = (
				68AA443E2C6F770A00FC09F8 /* MoviesConfigurations.swift */,
				682F9F452C72315E009235F8 /* MoviesRemoteDataSource.swift */,
			);
			path = DataSource;
			sourceTree = "<group>";
		};
		682F9F422C722E8A009235F8 /* ViewModel */ = {
			isa = PBXGroup;
			children = (
				682F9F432C722EB4009235F8 /* HomeViewModel.swift */,
			);
			path = ViewModel;
			sourceTree = "<group>";
		};
		68AA44332C6E914900FC09F8 /* RemoteService */ = {
			isa = PBXGroup;
			children = (
				68AA44422C6F94D500FC09F8 /* APIConfigurations */,
				68AA443A2C6E951000FC09F8 /* BaseApi.swift */,
				68AA44382C6E94F300FC09F8 /* ApiDecoder.swift */,
				68AA44402C6F779B00FC09F8 /* NetworkConstants.swift */,
			);
			path = RemoteService;
			sourceTree = "<group>";
		};
		68AA44422C6F94D500FC09F8 /* APIConfigurations */ = {
			isa = PBXGroup;
			children = (
				68AA443C2C6E951D00FC09F8 /* TargetConfigurator.swift */,
			);
			path = APIConfigurations;
			sourceTree = "<group>";
		};
		68AA44432C6F959500FC09F8 /* HomeScreen */ = {
			isa = PBXGroup;
			children = (
				682F9F3E2C722DD7009235F8 /* Data */,
				682F9F3F2C722DE0009235F8 /* Domain */,
				682F9F402C722DE9009235F8 /* Presentation */,
			);
			path = HomeScreen;
			sourceTree = "<group>";
		};
		68AA44442C6F95A200FC09F8 /* Model */ = {
			isa = PBXGroup;
			children = (
				68AA44452C6F95BD00FC09F8 /* MoviesModel.swift */,
			);
			path = Model;
			sourceTree = "<group>";
		};
		68AA444D2C6FE7EE00FC09F8 /* View */ = {
			isa = PBXGroup;
			children = (
				68AA44522C720A7400FC09F8 /* MoviesCell */,
				68AA44492C6F9F0800FC09F8 /* HomeViewController.swift */,
				68AA44592C720D8D00FC09F8 /* HomeViewController.xib */,
			);
			path = View;
			sourceTree = "<group>";
		};
		68AA44522C720A7400FC09F8 /* MoviesCell */ = {
			isa = PBXGroup;
			children = (
				68AA44532C720A8800FC09F8 /* MovieTableViewCell.swift */,
				68AA44542C720A8800FC09F8 /* MovieTableViewCell.xib */,
			);
			path = MoviesCell;
			sourceTree = "<group>";
		};
		68CFF0CE2C6E4C2F00BB9040 = {
			isa = PBXGroup;
			children = (
				68CFF0D92C6E4C2F00BB9040 /* MoviesDB */,
				68CFF0D82C6E4C2F00BB9040 /* Products */,
				E4F18C3F1D1812B7B95A9B1C /* Pods */,
				6403415E71D8554460789DB5 /* Frameworks */,
			);
			sourceTree = "<group>";
		};
		68CFF0D82C6E4C2F00BB9040 /* Products */ = {
			isa = PBXGroup;
			children = (
				68CFF0D72C6E4C2F00BB9040 /* MoviesDB.app */,
			);
			name = Products;
			sourceTree = "<group>";
		};
		68CFF0D92C6E4C2F00BB9040 /* MoviesDB */ = {
			isa = PBXGroup;
			children = (
				682F9F3B2C722D01009235F8 /* Extensions */,
				68AA44432C6F959500FC09F8 /* HomeScreen */,
				68AA44332C6E914900FC09F8 /* RemoteService */,
				68CFF0DA2C6E4C2F00BB9040 /* AppDelegate.swift */,
				68CFF0DC2C6E4C2F00BB9040 /* SceneDelegate.swift */,
				68CFF0E32C6E4C3000BB9040 /* Assets.xcassets */,
				68CFF0E82C6E4C3000BB9040 /* Info.plist */,
			);
			path = MoviesDB;
			sourceTree = "<group>";
		};
		E4F18C3F1D1812B7B95A9B1C /* Pods */ = {
			isa = PBXGroup;
			children = (
				BE946881E25FA67CBE99215B /* Pods-MoviesDB.debug.xcconfig */,
				4CC9B6E1D7CF7275ABC8C928 /* Pods-MoviesDB.release.xcconfig */,
			);
			path = Pods;
			sourceTree = "<group>";
		};
/* End PBXGroup section */

/* Begin PBXNativeTarget section */
		68CFF0D62C6E4C2F00BB9040 /* MoviesDB */ = {
			isa = PBXNativeTarget;
			buildConfigurationList = 68CFF0EB2C6E4C3000BB9040 /* Build configuration list for PBXNativeTarget "MoviesDB" */;
			buildPhases = (
				5B8B6FFF27920223EFDFB32F /* [CP] Check Pods Manifest.lock */,
				68CFF0D32C6E4C2F00BB9040 /* Sources */,
				68CFF0D42C6E4C2F00BB9040 /* Frameworks */,
				68CFF0D52C6E4C2F00BB9040 /* Resources */,
				2ED8721B8EB5319D750157A9 /* [CP] Embed Pods Frameworks */,
			);
			buildRules = (
			);
			dependencies = (
			);
			name = MoviesDB;
			productName = MoviesDB;
			productReference = 68CFF0D72C6E4C2F00BB9040 /* MoviesDB.app */;
			productType = "com.apple.product-type.application";
		};
/* End PBXNativeTarget section */

/* Begin PBXProject section */
		68CFF0CF2C6E4C2F00BB9040 /* Project object */ = {
			isa = PBXProject;
			attributes = {
				BuildIndependentTargetsInParallel = 1;
				LastSwiftUpdateCheck = 1530;
				LastUpgradeCheck = 1530;
				TargetAttributes = {
					68CFF0D62C6E4C2F00BB9040 = {
						CreatedOnToolsVersion = 15.3;
					};
				};
			};
			buildConfigurationList = 68CFF0D22C6E4C2F00BB9040 /* Build configuration list for PBXProject "MoviesDB" */;
			compatibilityVersion = "Xcode 14.0";
			developmentRegion = en;
			hasScannedForEncodings = 0;
			knownRegions = (
				en,
				Base,
			);
			mainGroup = 68CFF0CE2C6E4C2F00BB9040;
			productRefGroup = 68CFF0D82C6E4C2F00BB9040 /* Products */;
			projectDirPath = "";
			projectRoot = "";
			targets = (
				68CFF0D62C6E4C2F00BB9040 /* MoviesDB */,
			);
		};
/* End PBXProject section */

/* Begin PBXResourcesBuildPhase section */
		68CFF0D52C6E4C2F00BB9040 /* Resources */ = {
			isa = PBXResourcesBuildPhase;
			buildActionMask = 2147483647;
			files = (
				68AA44552C720A8800FC09F8 /* MovieTableViewCell.xib in Resources */,
				68CFF0E42C6E4C3000BB9040 /* Assets.xcassets in Resources */,
				68AA445A2C720D8D00FC09F8 /* HomeViewController.xib in Resources */,
			);
			runOnlyForDeploymentPostprocessing = 0;
		};
/* End PBXResourcesBuildPhase section */

/* Begin PBXShellScriptBuildPhase section */
		2ED8721B8EB5319D750157A9 /* [CP] Embed Pods Frameworks */ = {
			isa = PBXShellScriptBuildPhase;
			buildActionMask = 2147483647;
			files = (
			);
			inputFileListPaths = (
				"${PODS_ROOT}/Target Support Files/Pods-MoviesDB/Pods-MoviesDB-frameworks-${CONFIGURATION}-input-files.xcfilelist",
			);
			name = "[CP] Embed Pods Frameworks";
			outputFileListPaths = (
				"${PODS_ROOT}/Target Support Files/Pods-MoviesDB/Pods-MoviesDB-frameworks-${CONFIGURATION}-output-files.xcfilelist",
			);
			runOnlyForDeploymentPostprocessing = 0;
			shellPath = /bin/sh;
			shellScript = "\"${PODS_ROOT}/Target Support Files/Pods-MoviesDB/Pods-MoviesDB-frameworks.sh\"\n";
			showEnvVarsInLog = 0;
		};
		5B8B6FFF27920223EFDFB32F /* [CP] Check Pods Manifest.lock */ = {
			isa = PBXShellScriptBuildPhase;
			buildActionMask = 2147483647;
			files = (
			);
			inputFileListPaths = (
			);
			inputPaths = (
				"${PODS_PODFILE_DIR_PATH}/Podfile.lock",
				"${PODS_ROOT}/Manifest.lock",
			);
			name = "[CP] Check Pods Manifest.lock";
			outputFileListPaths = (
			);
			outputPaths = (
				"$(DERIVED_FILE_DIR)/Pods-MoviesDB-checkManifestLockResult.txt",
			);
			runOnlyForDeploymentPostprocessing = 0;
			shellPath = /bin/sh;
			shellScript = "diff \"${PODS_PODFILE_DIR_PATH}/Podfile.lock\" \"${PODS_ROOT}/Manifest.lock\" > /dev/null\nif [ $? != 0 ] ; then\n    # print error to STDERR\n    echo \"error: The sandbox is not in sync with the Podfile.lock. Run 'pod install' or update your CocoaPods installation.\" >&2\n    exit 1\nfi\n# This output is used by Xcode 'outputs' to avoid re-running this script phase.\necho \"SUCCESS\" > \"${SCRIPT_OUTPUT_FILE_0}\"\n";
			showEnvVarsInLog = 0;
		};
/* End PBXShellScriptBuildPhase section */

/* Begin PBXSourcesBuildPhase section */
		68CFF0D32C6E4C2F00BB9040 /* Sources */ = {
			isa = PBXSourcesBuildPhase;
			buildActionMask = 2147483647;
			files = (
				68AA44412C6F779B00FC09F8 /* NetworkConstants.swift in Sources */,
				68AA443B2C6E951000FC09F8 /* BaseApi.swift in Sources */,
				68AA44462C6F95BD00FC09F8 /* MoviesModel.swift in Sources */,
				68AA443D2C6E951D00FC09F8 /* TargetConfigurator.swift in Sources */,
				68CFF0DB2C6E4C2F00BB9040 /* AppDelegate.swift in Sources */,
				68AA444C2C6F9F0800FC09F8 /* HomeViewController.swift in Sources */,
				68CFF0DD2C6E4C2F00BB9040 /* SceneDelegate.swift in Sources */,
				682F9F442C722EB4009235F8 /* HomeViewModel.swift in Sources */,
				682F9F482C734E03009235F8 /* UIView+Extension.swift in Sources */,
				682F9F3D2C722D1C009235F8 /* UIImageView+Extension.swift in Sources */,
				68AA443F2C6F770A00FC09F8 /* MoviesConfigurations.swift in Sources */,
				68AA44562C720A8800FC09F8 /* MovieTableViewCell.swift in Sources */,
				68AA44392C6E94F300FC09F8 /* ApiDecoder.swift in Sources */,
				682F9F462C72315E009235F8 /* MoviesRemoteDataSource.swift in Sources */,
			);
			runOnlyForDeploymentPostprocessing = 0;
		};
/* End PBXSourcesBuildPhase section */

/* Begin XCBuildConfiguration section */
		68CFF0E92C6E4C3000BB9040 /* Debug */ = {
			isa = XCBuildConfiguration;
			buildSettings = {
				ALWAYS_SEARCH_USER_PATHS = NO;
				ASSETCATALOG_COMPILER_GENERATE_SWIFT_ASSET_SYMBOL_EXTENSIONS = YES;
				CLANG_ANALYZER_NONNULL = YES;
				CLANG_ANALYZER_NUMBER_OBJECT_CONVERSION = YES_AGGRESSIVE;
				CLANG_CXX_LANGUAGE_STANDARD = "gnu++20";
				CLANG_ENABLE_MODULES = YES;
				CLANG_ENABLE_OBJC_ARC = YES;
				CLANG_ENABLE_OBJC_WEAK = YES;
				CLANG_WARN_BLOCK_CAPTURE_AUTORELEASING = YES;
				CLANG_WARN_BOOL_CONVERSION = YES;
				CLANG_WARN_COMMA = YES;
				CLANG_WARN_CONSTANT_CONVERSION = YES;
				CLANG_WARN_DEPRECATED_OBJC_IMPLEMENTATIONS = YES;
				CLANG_WARN_DIRECT_OBJC_ISA_USAGE = YES_ERROR;
				CLANG_WARN_DOCUMENTATION_COMMENTS = YES;
				CLANG_WARN_EMPTY_BODY = YES;
				CLANG_WARN_ENUM_CONVERSION = YES;
				CLANG_WARN_INFINITE_RECURSION = YES;
				CLANG_WARN_INT_CONVERSION = YES;
				CLANG_WARN_NON_LITERAL_NULL_CONVERSION = YES;
				CLANG_WARN_OBJC_IMPLICIT_RETAIN_SELF = YES;
				CLANG_WARN_OBJC_LITERAL_CONVERSION = YES;
				CLANG_WARN_OBJC_ROOT_CLASS = YES_ERROR;
				CLANG_WARN_QUOTED_INCLUDE_IN_FRAMEWORK_HEADER = YES;
				CLANG_WARN_RANGE_LOOP_ANALYSIS = YES;
				CLANG_WARN_STRICT_PROTOTYPES = YES;
				CLANG_WARN_SUSPICIOUS_MOVE = YES;
				CLANG_WARN_UNGUARDED_AVAILABILITY = YES_AGGRESSIVE;
				CLANG_WARN_UNREACHABLE_CODE = YES;
				CLANG_WARN__DUPLICATE_METHOD_MATCH = YES;
				COPY_PHASE_STRIP = NO;
				DEBUG_INFORMATION_FORMAT = dwarf;
				ENABLE_STRICT_OBJC_MSGSEND = YES;
				ENABLE_TESTABILITY = YES;
				ENABLE_USER_SCRIPT_SANDBOXING = NO;
				GCC_C_LANGUAGE_STANDARD = gnu17;
				GCC_DYNAMIC_NO_PIC = NO;
				GCC_NO_COMMON_BLOCKS = YES;
				GCC_OPTIMIZATION_LEVEL = 0;
				GCC_PREPROCESSOR_DEFINITIONS = (
					"DEBUG=1",
					"$(inherited)",
				);
				GCC_WARN_64_TO_32_BIT_CONVERSION = YES;
				GCC_WARN_ABOUT_RETURN_TYPE = YES_ERROR;
				GCC_WARN_UNDECLARED_SELECTOR = YES;
				GCC_WARN_UNINITIALIZED_AUTOS = YES_AGGRESSIVE;
				GCC_WARN_UNUSED_FUNCTION = YES;
				GCC_WARN_UNUSED_VARIABLE = YES;
				IPHONEOS_DEPLOYMENT_TARGET = 17.4;
				LOCALIZATION_PREFERS_STRING_CATALOGS = YES;
				MTL_ENABLE_DEBUG_INFO = INCLUDE_SOURCE;
				MTL_FAST_MATH = YES;
				ONLY_ACTIVE_ARCH = YES;
				SDKROOT = iphoneos;
				SWIFT_ACTIVE_COMPILATION_CONDITIONS = "DEBUG $(inherited)";
				SWIFT_OPTIMIZATION_LEVEL = "-Onone";
			};
			name = Debug;
		};
		68CFF0EA2C6E4C3000BB9040 /* Release */ = {
			isa = XCBuildConfiguration;
			buildSettings = {
				ALWAYS_SEARCH_USER_PATHS = NO;
				ASSETCATALOG_COMPILER_GENERATE_SWIFT_ASSET_SYMBOL_EXTENSIONS = YES;
				CLANG_ANALYZER_NONNULL = YES;
				CLANG_ANALYZER_NUMBER_OBJECT_CONVERSION = YES_AGGRESSIVE;
				CLANG_CXX_LANGUAGE_STANDARD = "gnu++20";
				CLANG_ENABLE_MODULES = YES;
				CLANG_ENABLE_OBJC_ARC = YES;
				CLANG_ENABLE_OBJC_WEAK = YES;
				CLANG_WARN_BLOCK_CAPTURE_AUTORELEASING = YES;
				CLANG_WARN_BOOL_CONVERSION = YES;
				CLANG_WARN_COMMA = YES;
				CLANG_WARN_CONSTANT_CONVERSION = YES;
				CLANG_WARN_DEPRECATED_OBJC_IMPLEMENTATIONS = YES;
				CLANG_WARN_DIRECT_OBJC_ISA_USAGE = YES_ERROR;
				CLANG_WARN_DOCUMENTATION_COMMENTS = YES;
				CLANG_WARN_EMPTY_BODY = YES;
				CLANG_WARN_ENUM_CONVERSION = YES;
				CLANG_WARN_INFINITE_RECURSION = YES;
				CLANG_WARN_INT_CONVERSION = YES;
				CLANG_WARN_NON_LITERAL_NULL_CONVERSION = YES;
				CLANG_WARN_OBJC_IMPLICIT_RETAIN_SELF = YES;
				CLANG_WARN_OBJC_LITERAL_CONVERSION = YES;
				CLANG_WARN_OBJC_ROOT_CLASS = YES_ERROR;
				CLANG_WARN_QUOTED_INCLUDE_IN_FRAMEWORK_HEADER = YES;
				CLANG_WARN_RANGE_LOOP_ANALYSIS = YES;
				CLANG_WARN_STRICT_PROTOTYPES = YES;
				CLANG_WARN_SUSPICIOUS_MOVE = YES;
				CLANG_WARN_UNGUARDED_AVAILABILITY = YES_AGGRESSIVE;
				CLANG_WARN_UNREACHABLE_CODE = YES;
				CLANG_WARN__DUPLICATE_METHOD_MATCH = YES;
				COPY_PHASE_STRIP = NO;
				DEBUG_INFORMATION_FORMAT = "dwarf-with-dsym";
				ENABLE_NS_ASSERTIONS = NO;
				ENABLE_STRICT_OBJC_MSGSEND = YES;
				ENABLE_USER_SCRIPT_SANDBOXING = NO;
				GCC_C_LANGUAGE_STANDARD = gnu17;
				GCC_NO_COMMON_BLOCKS = YES;
				GCC_WARN_64_TO_32_BIT_CONVERSION = YES;
				GCC_WARN_ABOUT_RETURN_TYPE = YES_ERROR;
				GCC_WARN_UNDECLARED_SELECTOR = YES;
				GCC_WARN_UNINITIALIZED_AUTOS = YES_AGGRESSIVE;
				GCC_WARN_UNUSED_FUNCTION = YES;
				GCC_WARN_UNUSED_VARIABLE = YES;
				IPHONEOS_DEPLOYMENT_TARGET = 17.4;
				LOCALIZATION_PREFERS_STRING_CATALOGS = YES;
				MTL_ENABLE_DEBUG_INFO = NO;
				MTL_FAST_MATH = YES;
				SDKROOT = iphoneos;
				SWIFT_COMPILATION_MODE = wholemodule;
				VALIDATE_PRODUCT = YES;
			};
			name = Release;
		};
		68CFF0EC2C6E4C3000BB9040 /* Debug */ = {
			isa = XCBuildConfiguration;
			baseConfigurationReference = BE946881E25FA67CBE99215B /* Pods-MoviesDB.debug.xcconfig */;
			buildSettings = {
				ASSETCATALOG_COMPILER_APPICON_NAME = AppIcon;
				ASSETCATALOG_COMPILER_GLOBAL_ACCENT_COLOR_NAME = AccentColor;
				CODE_SIGN_STYLE = Automatic;
				CURRENT_PROJECT_VERSION = 1;
				DEVELOPMENT_TEAM = MKQZD7EFMT;
				GENERATE_INFOPLIST_FILE = YES;
				INFOPLIST_FILE = MoviesDB/Info.plist;
				INFOPLIST_KEY_UIApplicationSupportsIndirectInputEvents = YES;
				INFOPLIST_KEY_UILaunchStoryboardName = LaunchScreen;
				INFOPLIST_KEY_UISupportedInterfaceOrientations = "UIInterfaceOrientationLandscapeLeft UIInterfaceOrientationLandscapeRight UIInterfaceOrientationPortrait";
				INFOPLIST_KEY_UISupportedInterfaceOrientations_iPad = UIInterfaceOrientationPortrait;
				LD_RUNPATH_SEARCH_PATHS = (
					"$(inherited)",
					"@executable_path/Frameworks",
				);
				MARKETING_VERSION = 1.0;
				PRODUCT_BUNDLE_IDENTIFIER = com.fawry.MoviesDB;
				PRODUCT_NAME = "$(TARGET_NAME)";
				SWIFT_EMIT_LOC_STRINGS = YES;
				SWIFT_VERSION = 5.0;
				TARGETED_DEVICE_FAMILY = "1,2";
			};
			name = Debug;
		};
		68CFF0ED2C6E4C3000BB9040 /* Release */ = {
			isa = XCBuildConfiguration;
			baseConfigurationReference = 4CC9B6E1D7CF7275ABC8C928 /* Pods-MoviesDB.release.xcconfig */;
			buildSettings = {
				ASSETCATALOG_COMPILER_APPICON_NAME = AppIcon;
				ASSETCATALOG_COMPILER_GLOBAL_ACCENT_COLOR_NAME = AccentColor;
				CODE_SIGN_STYLE = Automatic;
				CURRENT_PROJECT_VERSION = 1;
				DEVELOPMENT_TEAM = MKQZD7EFMT;
				GENERATE_INFOPLIST_FILE = YES;
				INFOPLIST_FILE = MoviesDB/Info.plist;
				INFOPLIST_KEY_UIApplicationSupportsIndirectInputEvents = YES;
				INFOPLIST_KEY_UILaunchStoryboardName = LaunchScreen;
				INFOPLIST_KEY_UISupportedInterfaceOrientations = "UIInterfaceOrientationLandscapeLeft UIInterfaceOrientationLandscapeRight UIInterfaceOrientationPortrait";
				INFOPLIST_KEY_UISupportedInterfaceOrientations_iPad = UIInterfaceOrientationPortrait;
				LD_RUNPATH_SEARCH_PATHS = (
					"$(inherited)",
					"@executable_path/Frameworks",
				);
				MARKETING_VERSION = 1.0;
				PRODUCT_BUNDLE_IDENTIFIER = com.fawry.MoviesDB;
				PRODUCT_NAME = "$(TARGET_NAME)";
				SWIFT_EMIT_LOC_STRINGS = YES;
				SWIFT_VERSION = 5.0;
				TARGETED_DEVICE_FAMILY = "1,2";
			};
			name = Release;
		};
/* End XCBuildConfiguration section */

/* Begin XCConfigurationList section */
		68CFF0D22C6E4C2F00BB9040 /* Build configuration list for PBXProject "MoviesDB" */ = {
			isa = XCConfigurationList;
			buildConfigurations = (
				68CFF0E92C6E4C3000BB9040 /* Debug */,
				68CFF0EA2C6E4C3000BB9040 /* Release */,
			);
			defaultConfigurationIsVisible = 0;
			defaultConfigurationName = Release;
		};
		68CFF0EB2C6E4C3000BB9040 /* Build configuration list for PBXNativeTarget "MoviesDB" */ = {
			isa = XCConfigurationList;
			buildConfigurations = (
				68CFF0EC2C6E4C3000BB9040 /* Debug */,
				68CFF0ED2C6E4C3000BB9040 /* Release */,
			);
			defaultConfigurationIsVisible = 0;
			defaultConfigurationName = Release;
		};
/* End XCConfigurationList section */
	};
	rootObject = 68CFF0CF2C6E4C2F00BB9040 /* Project object */;
}
